// !$*UTF8*$!
{
	archiveVersion = 1;
	classes = {
	};
	objectVersion = 52;
	objects = {

/* Begin PBXBuildFile section */
		47012A3E258A8A1700174321 /* ShowLibraryButton.swift in Sources */ = {isa = PBXBuildFile; fileRef = 47012A3D258A8A1700174321 /* ShowLibraryButton.swift */; };
		4703151E2583BEA800B2BDF2 /* FocusableTextField.swift in Sources */ = {isa = PBXBuildFile; fileRef = 4703151D2583BEA800B2BDF2 /* FocusableTextField.swift */; };
		470315232583EED900B2BDF2 /* FocusView.swift in Sources */ = {isa = PBXBuildFile; fileRef = 470315222583EED900B2BDF2 /* FocusView.swift */; };
		47038544257E801100D0E79A /* VisualEffectView.swift in Sources */ = {isa = PBXBuildFile; fileRef = 47038543257E801100D0E79A /* VisualEffectView.swift */; };
		4712E604257FB1A100A881D5 /* NotificationView.swift in Sources */ = {isa = PBXBuildFile; fileRef = 4712E603257FB1A100A881D5 /* NotificationView.swift */; };
		4712E607257FD19500A881D5 /* PlayPlaylistsTouchBarView.swift in Sources */ = {isa = PBXBuildFile; fileRef = 4712E606257FD19500A881D5 /* PlayPlaylistsTouchBarView.swift */; };
		4715D7B326FD229F00562192 /* AppAppearance.swift in Sources */ = {isa = PBXBuildFile; fileRef = 4715D7B226FD229F00562192 /* AppAppearance.swift */; };
		471CD4EA26883037009176F2 /* InfoPlist.strings in Resources */ = {isa = PBXBuildFile; fileRef = 471CD4E826883037009176F2 /* InfoPlist.strings */; };
		471CD4ED26883037009176F2 /* Localizable.strings in Resources */ = {isa = PBXBuildFile; fileRef = 471CD4EB26883037009176F2 /* Localizable.strings */; };
		471CD4EF26883AC5009176F2 /* AlertItem.swift in Sources */ = {isa = PBXBuildFile; fileRef = 471CD4EE26883AC5009176F2 /* AlertItem.swift */; };
		472901AD29134E3D00279E12 /* SavedTracksImage.png in Resources */ = {isa = PBXBuildFile; fileRef = 472901AC29134E3D00279E12 /* SavedTracksImage.png */; };
		472A742A25859431008998C5 /* SettingsView.swift in Sources */ = {isa = PBXBuildFile; fileRef = 472A742925859431008998C5 /* SettingsView.swift */; };
		47343A642582C86600EF6750 /* PlaylistsScrollView.swift in Sources */ = {isa = PBXBuildFile; fileRef = 47343A632582C86600EF6750 /* PlaylistsScrollView.swift */; };
		4735521827A351B7009C967A /* XShape.swift in Sources */ = {isa = PBXBuildFile; fileRef = 4735521727A351B7009C967A /* XShape.swift */; };
		473CD55B28F78E2A0022160C /* QueueItemView.swift in Sources */ = {isa = PBXBuildFile; fileRef = 473CD55A28F78E2A0022160C /* QueueItemView.swift */; };
		473F215227E954DA005B8042 /* SavedTracksImage.swift in Sources */ = {isa = PBXBuildFile; fileRef = 473F215127E954DA005B8042 /* SavedTracksImage.swift */; };
		4748B8C027D756A600ACF95E /* MouseEventHandler.swift in Sources */ = {isa = PBXBuildFile; fileRef = 4748B8BF27D756A600ACF95E /* MouseEventHandler.swift */; };
		474C7C922570F713004A3DB5 /* AvailableDevicesButton.swift in Sources */ = {isa = PBXBuildFile; fileRef = 474C7C912570F713004A3DB5 /* AvailableDevicesButton.swift */; };
		474DB4CE29077585005A551B /* DataModel.xcdatamodeld in Sources */ = {isa = PBXBuildFile; fileRef = 474DB4CC29077585005A551B /* DataModel.xcdatamodeld */; };
		475878CE258731F1007EB435 /* CancelButton.swift in Sources */ = {isa = PBXBuildFile; fileRef = 475878CD258731F1007EB435 /* CancelButton.swift */; };
		4768023A2570CDF800397202 /* Logging in Frameworks */ = {isa = PBXBuildFile; productRef = 476802392570CDF800397202 /* Logging */; };
		47699875257DDE8400B7D6F5 /* ViewExtensions.swift in Sources */ = {isa = PBXBuildFile; fileRef = 47699874257DDE8400B7D6F5 /* ViewExtensions.swift */; };
		477447B02797E1730074CB7E /* SharingServicesMenu.swift in Sources */ = {isa = PBXBuildFile; fileRef = 477447AF2797E1730074CB7E /* SharingServicesMenu.swift */; };
		477450982706C2D4007CD45D /* NowPlayingAnimation.swift in Sources */ = {isa = PBXBuildFile; fileRef = 477450972706C2D4007CD45D /* NowPlayingAnimation.swift */; };
		477560E02580083200B7FFED /* SpotifyWebAPIExtensions.swift in Sources */ = {isa = PBXBuildFile; fileRef = 477560DF2580083200B7FFED /* SpotifyWebAPIExtensions.swift */; };
		477560E62580140D00B7FFED /* TouchBarPlaylistButton.swift in Sources */ = {isa = PBXBuildFile; fileRef = 477560E52580140D00B7FFED /* TouchBarPlaylistButton.swift */; };
		477A38F7291A1E6000507198 /* Toolbar.swift in Sources */ = {isa = PBXBuildFile; fileRef = 477A38F6291A1E6000507198 /* Toolbar.swift */; };
		47832F482566474300AADEA3 /* AppDelegate.swift in Sources */ = {isa = PBXBuildFile; fileRef = 47832F472566474300AADEA3 /* AppDelegate.swift */; };
		47832F4A2566474300AADEA3 /* RootView.swift in Sources */ = {isa = PBXBuildFile; fileRef = 47832F492566474300AADEA3 /* RootView.swift */; };
		47832F4F2566474600AADEA3 /* Assets.xcassets in Resources */ = {isa = PBXBuildFile; fileRef = 47832F4E2566474600AADEA3 /* Assets.xcassets */; };
		47832F522566474600AADEA3 /* Preview Assets.xcassets in Resources */ = {isa = PBXBuildFile; fileRef = 47832F512566474600AADEA3 /* Preview Assets.xcassets */; };
		47832F552566474600AADEA3 /* Main.storyboard in Resources */ = {isa = PBXBuildFile; fileRef = 47832F532566474600AADEA3 /* Main.storyboard */; };
		47891C952583128900063460 /* KeyEventHandler.swift in Sources */ = {isa = PBXBuildFile; fileRef = 47891C942583128900063460 /* KeyEventHandler.swift */; };
		4789987825747F0F00866EE1 /* PlaybackPositionView.swift in Sources */ = {isa = PBXBuildFile; fileRef = 4789987725747F0F00866EE1 /* PlaybackPositionView.swift */; };
		4789987B25749FD500866EE1 /* CustomSliderView.swift in Sources */ = {isa = PBXBuildFile; fileRef = 4789987A25749FD500866EE1 /* CustomSliderView.swift */; };
		4789A5B425885ECC00A5E1E3 /* GeneralSettingsView.swift in Sources */ = {isa = PBXBuildFile; fileRef = 4789A5B325885ECC00A5E1E3 /* GeneralSettingsView.swift */; };
		4789A5B725885F0800A5E1E3 /* KeyboardShortcutsView.swift in Sources */ = {isa = PBXBuildFile; fileRef = 4789A5B625885F0800A5E1E3 /* KeyboardShortcutsView.swift */; };
		4789A5BA25885F1900A5E1E3 /* KeyboardShortcutsNames.swift in Sources */ = {isa = PBXBuildFile; fileRef = 4789A5B925885F1900A5E1E3 /* KeyboardShortcutsNames.swift */; };
		478A64642692F85700557DF3 /* SavedAlbumsGridView.swift in Sources */ = {isa = PBXBuildFile; fileRef = 478A64632692F85700557DF3 /* SavedAlbumsGridView.swift */; };
		478A64662692FBC600557DF3 /* AlbumGridItemView.swift in Sources */ = {isa = PBXBuildFile; fileRef = 478A64652692FBC600557DF3 /* AlbumGridItemView.swift */; };
		478A64682692FEF400557DF3 /* LibraryView.swift in Sources */ = {isa = PBXBuildFile; fileRef = 478A64672692FEF400557DF3 /* LibraryView.swift */; };
		478F57402909C88000D6A7CB /* CDAlbum+CoreDataClass.swift in Sources */ = {isa = PBXBuildFile; fileRef = 478F573E2909C88000D6A7CB /* CDAlbum+CoreDataClass.swift */; };
		478F57412909C88000D6A7CB /* CDAlbum+CoreDataProperties.swift in Sources */ = {isa = PBXBuildFile; fileRef = 478F573F2909C88000D6A7CB /* CDAlbum+CoreDataProperties.swift */; };
		478F57442909C99400D6A7CB /* CDPlaylistItem+CoreDataClass.swift in Sources */ = {isa = PBXBuildFile; fileRef = 478F57422909C99400D6A7CB /* CDPlaylistItem+CoreDataClass.swift */; };
		478F57452909C99400D6A7CB /* CDPlaylistItem+CoreDataProperties.swift in Sources */ = {isa = PBXBuildFile; fileRef = 478F57432909C99400D6A7CB /* CDPlaylistItem+CoreDataProperties.swift */; };
		478F5747290AE39300D6A7CB /* SpotlightSettingsView.swift in Sources */ = {isa = PBXBuildFile; fileRef = 478F5746290AE39300D6A7CB /* SpotlightSettingsView.swift */; };
		4795210D25744AA6000A5B82 /* MiscellaneousUtilities.swift in Sources */ = {isa = PBXBuildFile; fileRef = 4795210C25744AA6000A5B82 /* MiscellaneousUtilities.swift */; };
		47993D2828FE688400D3D73F /* QueueImage.swift in Sources */ = {isa = PBXBuildFile; fileRef = 47993D2728FE688400D3D73F /* QueueImage.swift */; };
		47A89ED02908EBDD007C0BA7 /* CDPlaylist+CoreDataClass.swift in Sources */ = {isa = PBXBuildFile; fileRef = 47A89EC82908EBDD007C0BA7 /* CDPlaylist+CoreDataClass.swift */; };
		47A89ED12908EBDD007C0BA7 /* CDPlaylist+CoreDataProperties.swift in Sources */ = {isa = PBXBuildFile; fileRef = 47A89EC92908EBDD007C0BA7 /* CDPlaylist+CoreDataProperties.swift */; };
		47AA076E27D9D96200F6C140 /* ShapeExtensions.swift in Sources */ = {isa = PBXBuildFile; fileRef = 47AA076D27D9D96200F6C140 /* ShapeExtensions.swift */; };
		47AA077027D9D9B800F6C140 /* HeartShape.swift in Sources */ = {isa = PBXBuildFile; fileRef = 47AA076F27D9D9B800F6C140 /* HeartShape.swift */; };
		47AA077227D9D9FA00F6C140 /* BubblingHeartsView.swift in Sources */ = {isa = PBXBuildFile; fileRef = 47AA077127D9D9FA00F6C140 /* BubblingHeartsView.swift */; };
		47AA077427D9DA0D00F6C140 /* HeartButton.swift in Sources */ = {isa = PBXBuildFile; fileRef = 47AA077327D9DA0D00F6C140 /* HeartButton.swift */; };
		47B3CF3E28F74F4500D93B80 /* QueueView.swift in Sources */ = {isa = PBXBuildFile; fileRef = 47B3CF3D28F74F4500D93B80 /* QueueView.swift */; };
		47C6472A2783FF4700EB1FD8 /* SaveTrackButton.swift in Sources */ = {isa = PBXBuildFile; fileRef = 47C647292783FF4700EB1FD8 /* SaveTrackButton.swift */; };
		47CDDC8A2582D97F00E87918 /* RegularExpressions in Frameworks */ = {isa = PBXBuildFile; productRef = 47CDDC892582D97F00E87918 /* RegularExpressions */; };
		47D8CF7F256663080034FA1E /* NotificationNames.swift in Sources */ = {isa = PBXBuildFile; fileRef = 47D8CF7E256663080034FA1E /* NotificationNames.swift */; };
		47D8CF83256664C60034FA1E /* PlayerManager.swift in Sources */ = {isa = PBXBuildFile; fileRef = 47D8CF82256664C60034FA1E /* PlayerManager.swift */; };
		47D8CF892566679C0034FA1E /* SpotifyAPI in Frameworks */ = {isa = PBXBuildFile; productRef = 47D8CF882566679C0034FA1E /* SpotifyAPI */; };
		47DC186925824B5800EF11BA /* Loggers.swift in Sources */ = {isa = PBXBuildFile; fileRef = 47DC186825824B5800EF11BA /* Loggers.swift */; };
		47DC18702582712400EF11BA /* PlaylistCellView.swift in Sources */ = {isa = PBXBuildFile; fileRef = 47DC186F2582712400EF11BA /* PlaylistCellView.swift */; };
		47E9F5A3276ED0A50035349D /* ImageExtensions.swift in Sources */ = {isa = PBXBuildFile; fileRef = 47E9F5A2276ED0A50035349D /* ImageExtensions.swift */; };
		47ECF9B52694509B00DD118E /* LibrarySegmentedControl.swift in Sources */ = {isa = PBXBuildFile; fileRef = 47ECF9B42694509B00DD118E /* LibrarySegmentedControl.swift */; };
		47F35FAE2588844C007C754A /* KeyboardShortcuts in Frameworks */ = {isa = PBXBuildFile; productRef = 47F35FAD2588844C007C754A /* KeyboardShortcuts */; };
		47F6EC51257C95D8007079D2 /* ShuffleButton.swift in Sources */ = {isa = PBXBuildFile; fileRef = 47F6EC50257C95D8007079D2 /* ShuffleButton.swift */; };
		47F6EC56257C963F007079D2 /* PreviousTrackButton.swift in Sources */ = {isa = PBXBuildFile; fileRef = 47F6EC55257C963F007079D2 /* PreviousTrackButton.swift */; };
		47F6EC5A257C967D007079D2 /* PlayPauseButton.swift in Sources */ = {isa = PBXBuildFile; fileRef = 47F6EC59257C967D007079D2 /* PlayPauseButton.swift */; };
		47F6EC5D257C9699007079D2 /* RepeatModeButton.swift in Sources */ = {isa = PBXBuildFile; fileRef = 47F6EC5C257C9699007079D2 /* RepeatModeButton.swift */; };
		47F6EC60257C96B7007079D2 /* NextTrackButton.swift in Sources */ = {isa = PBXBuildFile; fileRef = 47F6EC5F257C96B7007079D2 /* NextTrackButton.swift */; };
		47F6EC64257C96D7007079D2 /* SoundVolumeSlider.swift in Sources */ = {isa = PBXBuildFile; fileRef = 47F6EC63257C96D7007079D2 /* SoundVolumeSlider.swift */; };
		47FD3DDA256F642F000E2346 /* PlayerStateNotification.swift in Sources */ = {isa = PBXBuildFile; fileRef = 47FD3DD9256F642F000E2346 /* PlayerStateNotification.swift */; };
		47FD3DE3256F9599000E2346 /* SpotifyBridge.swift in Sources */ = {isa = PBXBuildFile; fileRef = 47FD3DE2256F9599000E2346 /* SpotifyBridge.swift */; };
		47FD3DEE256FA52B000E2346 /* KeychainAccess in Frameworks */ = {isa = PBXBuildFile; productRef = 47FD3DED256FA52B000E2346 /* KeychainAccess */; };
		47FD3DF3256FA726000E2346 /* LoginView.swift in Sources */ = {isa = PBXBuildFile; fileRef = 47FD3DF2256FA726000E2346 /* LoginView.swift */; };
		47FD3DF7256FA77F000E2346 /* Spotify.swift in Sources */ = {isa = PBXBuildFile; fileRef = 47FD3DF6256FA77F000E2346 /* Spotify.swift */; };
		47FD3DFB256FA7CF000E2346 /* ImageNames.swift in Sources */ = {isa = PBXBuildFile; fileRef = 47FD3DFA256FA7CF000E2346 /* ImageNames.swift */; };
		47FD3E03256FB031000E2346 /* PlayerView.swift in Sources */ = {isa = PBXBuildFile; fileRef = 47FD3E02256FB031000E2346 /* PlayerView.swift */; };
/* End PBXBuildFile section */

/* Begin PBXFileReference section */
		47012A3D258A8A1700174321 /* ShowLibraryButton.swift */ = {isa = PBXFileReference; lastKnownFileType = sourcecode.swift; path = ShowLibraryButton.swift; sourceTree = "<group>"; };
		4703151D2583BEA800B2BDF2 /* FocusableTextField.swift */ = {isa = PBXFileReference; lastKnownFileType = sourcecode.swift; path = FocusableTextField.swift; sourceTree = "<group>"; };
		470315222583EED900B2BDF2 /* FocusView.swift */ = {isa = PBXFileReference; lastKnownFileType = sourcecode.swift; path = FocusView.swift; sourceTree = "<group>"; };
		47038543257E801100D0E79A /* VisualEffectView.swift */ = {isa = PBXFileReference; lastKnownFileType = sourcecode.swift; path = VisualEffectView.swift; sourceTree = "<group>"; };
		4712E603257FB1A100A881D5 /* NotificationView.swift */ = {isa = PBXFileReference; lastKnownFileType = sourcecode.swift; path = NotificationView.swift; sourceTree = "<group>"; };
		4712E606257FD19500A881D5 /* PlayPlaylistsTouchBarView.swift */ = {isa = PBXFileReference; lastKnownFileType = sourcecode.swift; path = PlayPlaylistsTouchBarView.swift; sourceTree = "<group>"; };
		4715D7B226FD229F00562192 /* AppAppearance.swift */ = {isa = PBXFileReference; lastKnownFileType = sourcecode.swift; path = AppAppearance.swift; sourceTree = "<group>"; };
		471CD4E926883037009176F2 /* es */ = {isa = PBXFileReference; lastKnownFileType = text.plist.strings; name = es; path = es.lproj/InfoPlist.strings; sourceTree = "<group>"; };
		471CD4EC26883037009176F2 /* es */ = {isa = PBXFileReference; lastKnownFileType = text.plist.strings; name = es; path = es.lproj/Localizable.strings; sourceTree = "<group>"; };
		471CD4EE26883AC5009176F2 /* AlertItem.swift */ = {isa = PBXFileReference; lastKnownFileType = sourcecode.swift; path = AlertItem.swift; sourceTree = "<group>"; };
		472901AC29134E3D00279E12 /* SavedTracksImage.png */ = {isa = PBXFileReference; lastKnownFileType = image.png; path = SavedTracksImage.png; sourceTree = "<group>"; };
		472A742925859431008998C5 /* SettingsView.swift */ = {isa = PBXFileReference; lastKnownFileType = sourcecode.swift; path = SettingsView.swift; sourceTree = "<group>"; };
		47343A632582C86600EF6750 /* PlaylistsScrollView.swift */ = {isa = PBXFileReference; lastKnownFileType = sourcecode.swift; path = PlaylistsScrollView.swift; sourceTree = "<group>"; };
		4735521727A351B7009C967A /* XShape.swift */ = {isa = PBXFileReference; lastKnownFileType = sourcecode.swift; path = XShape.swift; sourceTree = "<group>"; };
		473CD55A28F78E2A0022160C /* QueueItemView.swift */ = {isa = PBXFileReference; lastKnownFileType = sourcecode.swift; path = QueueItemView.swift; sourceTree = "<group>"; };
		473F215127E954DA005B8042 /* SavedTracksImage.swift */ = {isa = PBXFileReference; lastKnownFileType = sourcecode.swift; path = SavedTracksImage.swift; sourceTree = "<group>"; };
		4748B8BF27D756A600ACF95E /* MouseEventHandler.swift */ = {isa = PBXFileReference; lastKnownFileType = sourcecode.swift; path = MouseEventHandler.swift; sourceTree = "<group>"; };
		474C7C912570F713004A3DB5 /* AvailableDevicesButton.swift */ = {isa = PBXFileReference; lastKnownFileType = sourcecode.swift; path = AvailableDevicesButton.swift; sourceTree = "<group>"; };
		474DB4CD29077585005A551B /* DataModel.xcdatamodel */ = {isa = PBXFileReference; lastKnownFileType = wrapper.xcdatamodel; path = DataModel.xcdatamodel; sourceTree = "<group>"; };
		475878CD258731F1007EB435 /* CancelButton.swift */ = {isa = PBXFileReference; lastKnownFileType = sourcecode.swift; path = CancelButton.swift; sourceTree = "<group>"; };
		47699874257DDE8400B7D6F5 /* ViewExtensions.swift */ = {isa = PBXFileReference; lastKnownFileType = sourcecode.swift; path = ViewExtensions.swift; sourceTree = "<group>"; };
		477447AF2797E1730074CB7E /* SharingServicesMenu.swift */ = {isa = PBXFileReference; lastKnownFileType = sourcecode.swift; path = SharingServicesMenu.swift; sourceTree = "<group>"; };
		477450972706C2D4007CD45D /* NowPlayingAnimation.swift */ = {isa = PBXFileReference; lastKnownFileType = sourcecode.swift; path = NowPlayingAnimation.swift; sourceTree = "<group>"; };
		477560DF2580083200B7FFED /* SpotifyWebAPIExtensions.swift */ = {isa = PBXFileReference; lastKnownFileType = sourcecode.swift; path = SpotifyWebAPIExtensions.swift; sourceTree = "<group>"; };
		477560E52580140D00B7FFED /* TouchBarPlaylistButton.swift */ = {isa = PBXFileReference; lastKnownFileType = sourcecode.swift; path = TouchBarPlaylistButton.swift; sourceTree = "<group>"; };
		477A38F6291A1E6000507198 /* Toolbar.swift */ = {isa = PBXFileReference; lastKnownFileType = sourcecode.swift; path = Toolbar.swift; sourceTree = "<group>"; };
		47832F442566474300AADEA3 /* Soft Player.app */ = {isa = PBXFileReference; explicitFileType = wrapper.application; includeInIndex = 0; path = "Soft Player.app"; sourceTree = BUILT_PRODUCTS_DIR; };
		47832F472566474300AADEA3 /* AppDelegate.swift */ = {isa = PBXFileReference; lastKnownFileType = sourcecode.swift; path = AppDelegate.swift; sourceTree = "<group>"; };
		47832F492566474300AADEA3 /* RootView.swift */ = {isa = PBXFileReference; lastKnownFileType = sourcecode.swift; path = RootView.swift; sourceTree = "<group>"; };
		47832F4E2566474600AADEA3 /* Assets.xcassets */ = {isa = PBXFileReference; lastKnownFileType = folder.assetcatalog; path = Assets.xcassets; sourceTree = "<group>"; };
		47832F512566474600AADEA3 /* Preview Assets.xcassets */ = {isa = PBXFileReference; lastKnownFileType = folder.assetcatalog; path = "Preview Assets.xcassets"; sourceTree = "<group>"; };
		47832F542566474600AADEA3 /* Base */ = {isa = PBXFileReference; lastKnownFileType = file.storyboard; name = Base; path = Base.lproj/Main.storyboard; sourceTree = "<group>"; };
		47832F562566474600AADEA3 /* Info.plist */ = {isa = PBXFileReference; lastKnownFileType = text.plist.xml; path = Info.plist; sourceTree = "<group>"; };
		47832F572566474600AADEA3 /* SoftPlayer.entitlements */ = {isa = PBXFileReference; lastKnownFileType = text.plist.entitlements; path = SoftPlayer.entitlements; sourceTree = "<group>"; };
		47891C942583128900063460 /* KeyEventHandler.swift */ = {isa = PBXFileReference; lastKnownFileType = sourcecode.swift; path = KeyEventHandler.swift; sourceTree = "<group>"; };
		4789987725747F0F00866EE1 /* PlaybackPositionView.swift */ = {isa = PBXFileReference; lastKnownFileType = sourcecode.swift; path = PlaybackPositionView.swift; sourceTree = "<group>"; };
		4789987A25749FD500866EE1 /* CustomSliderView.swift */ = {isa = PBXFileReference; lastKnownFileType = sourcecode.swift; path = CustomSliderView.swift; sourceTree = "<group>"; };
		4789A5B325885ECC00A5E1E3 /* GeneralSettingsView.swift */ = {isa = PBXFileReference; lastKnownFileType = sourcecode.swift; path = GeneralSettingsView.swift; sourceTree = "<group>"; };
		4789A5B625885F0800A5E1E3 /* KeyboardShortcutsView.swift */ = {isa = PBXFileReference; lastKnownFileType = sourcecode.swift; path = KeyboardShortcutsView.swift; sourceTree = "<group>"; };
		4789A5B925885F1900A5E1E3 /* KeyboardShortcutsNames.swift */ = {isa = PBXFileReference; lastKnownFileType = sourcecode.swift; path = KeyboardShortcutsNames.swift; sourceTree = "<group>"; };
		478A64632692F85700557DF3 /* SavedAlbumsGridView.swift */ = {isa = PBXFileReference; lastKnownFileType = sourcecode.swift; path = SavedAlbumsGridView.swift; sourceTree = "<group>"; };
		478A64652692FBC600557DF3 /* AlbumGridItemView.swift */ = {isa = PBXFileReference; lastKnownFileType = sourcecode.swift; path = AlbumGridItemView.swift; sourceTree = "<group>"; };
		478A64672692FEF400557DF3 /* LibraryView.swift */ = {isa = PBXFileReference; lastKnownFileType = sourcecode.swift; path = LibraryView.swift; sourceTree = "<group>"; };
		478F573E2909C88000D6A7CB /* CDAlbum+CoreDataClass.swift */ = {isa = PBXFileReference; lastKnownFileType = sourcecode.swift; path = "CDAlbum+CoreDataClass.swift"; sourceTree = "<group>"; };
		478F573F2909C88000D6A7CB /* CDAlbum+CoreDataProperties.swift */ = {isa = PBXFileReference; lastKnownFileType = sourcecode.swift; path = "CDAlbum+CoreDataProperties.swift"; sourceTree = "<group>"; };
		478F57422909C99400D6A7CB /* CDPlaylistItem+CoreDataClass.swift */ = {isa = PBXFileReference; lastKnownFileType = sourcecode.swift; path = "CDPlaylistItem+CoreDataClass.swift"; sourceTree = "<group>"; };
		478F57432909C99400D6A7CB /* CDPlaylistItem+CoreDataProperties.swift */ = {isa = PBXFileReference; lastKnownFileType = sourcecode.swift; path = "CDPlaylistItem+CoreDataProperties.swift"; sourceTree = "<group>"; };
		478F5746290AE39300D6A7CB /* SpotlightSettingsView.swift */ = {isa = PBXFileReference; lastKnownFileType = sourcecode.swift; path = SpotlightSettingsView.swift; sourceTree = "<group>"; };
		4795210C25744AA6000A5B82 /* MiscellaneousUtilities.swift */ = {isa = PBXFileReference; lastKnownFileType = sourcecode.swift; path = MiscellaneousUtilities.swift; sourceTree = "<group>"; };
		47993D2728FE688400D3D73F /* QueueImage.swift */ = {isa = PBXFileReference; lastKnownFileType = sourcecode.swift; path = QueueImage.swift; sourceTree = "<group>"; };
		47A89EC82908EBDD007C0BA7 /* CDPlaylist+CoreDataClass.swift */ = {isa = PBXFileReference; lastKnownFileType = sourcecode.swift; path = "CDPlaylist+CoreDataClass.swift"; sourceTree = "<group>"; };
		47A89EC92908EBDD007C0BA7 /* CDPlaylist+CoreDataProperties.swift */ = {isa = PBXFileReference; lastKnownFileType = sourcecode.swift; path = "CDPlaylist+CoreDataProperties.swift"; sourceTree = "<group>"; };
		47AA076D27D9D96200F6C140 /* ShapeExtensions.swift */ = {isa = PBXFileReference; lastKnownFileType = sourcecode.swift; path = ShapeExtensions.swift; sourceTree = "<group>"; };
		47AA076F27D9D9B800F6C140 /* HeartShape.swift */ = {isa = PBXFileReference; lastKnownFileType = sourcecode.swift; path = HeartShape.swift; sourceTree = "<group>"; };
		47AA077127D9D9FA00F6C140 /* BubblingHeartsView.swift */ = {isa = PBXFileReference; lastKnownFileType = sourcecode.swift; path = BubblingHeartsView.swift; sourceTree = "<group>"; };
		47AA077327D9DA0D00F6C140 /* HeartButton.swift */ = {isa = PBXFileReference; lastKnownFileType = sourcecode.swift; path = HeartButton.swift; sourceTree = "<group>"; };
		47B3CF3D28F74F4500D93B80 /* QueueView.swift */ = {isa = PBXFileReference; lastKnownFileType = sourcecode.swift; path = QueueView.swift; sourceTree = "<group>"; };
		47B75D322687DFC6003F58A9 /* es */ = {isa = PBXFileReference; lastKnownFileType = text.plist.strings; name = es; path = es.lproj/Main.strings; sourceTree = "<group>"; };
		47C647292783FF4700EB1FD8 /* SaveTrackButton.swift */ = {isa = PBXFileReference; lastKnownFileType = sourcecode.swift; path = SaveTrackButton.swift; sourceTree = "<group>"; };
		47D8CF7E256663080034FA1E /* NotificationNames.swift */ = {isa = PBXFileReference; lastKnownFileType = sourcecode.swift; path = NotificationNames.swift; sourceTree = "<group>"; };
		47D8CF82256664C60034FA1E /* PlayerManager.swift */ = {isa = PBXFileReference; lastKnownFileType = sourcecode.swift; path = PlayerManager.swift; sourceTree = "<group>"; };
		47DC186825824B5800EF11BA /* Loggers.swift */ = {isa = PBXFileReference; lastKnownFileType = sourcecode.swift; path = Loggers.swift; sourceTree = "<group>"; };
		47DC186F2582712400EF11BA /* PlaylistCellView.swift */ = {isa = PBXFileReference; lastKnownFileType = sourcecode.swift; path = PlaylistCellView.swift; sourceTree = "<group>"; };
		47E9F5A2276ED0A50035349D /* ImageExtensions.swift */ = {isa = PBXFileReference; lastKnownFileType = sourcecode.swift; path = ImageExtensions.swift; sourceTree = "<group>"; };
		47ECF9B42694509B00DD118E /* LibrarySegmentedControl.swift */ = {isa = PBXFileReference; lastKnownFileType = sourcecode.swift; path = LibrarySegmentedControl.swift; sourceTree = "<group>"; };
		47F6EC50257C95D8007079D2 /* ShuffleButton.swift */ = {isa = PBXFileReference; lastKnownFileType = sourcecode.swift; path = ShuffleButton.swift; sourceTree = "<group>"; };
		47F6EC55257C963F007079D2 /* PreviousTrackButton.swift */ = {isa = PBXFileReference; lastKnownFileType = sourcecode.swift; path = PreviousTrackButton.swift; sourceTree = "<group>"; };
		47F6EC59257C967D007079D2 /* PlayPauseButton.swift */ = {isa = PBXFileReference; lastKnownFileType = sourcecode.swift; path = PlayPauseButton.swift; sourceTree = "<group>"; };
		47F6EC5C257C9699007079D2 /* RepeatModeButton.swift */ = {isa = PBXFileReference; lastKnownFileType = sourcecode.swift; path = RepeatModeButton.swift; sourceTree = "<group>"; };
		47F6EC5F257C96B7007079D2 /* NextTrackButton.swift */ = {isa = PBXFileReference; lastKnownFileType = sourcecode.swift; path = NextTrackButton.swift; sourceTree = "<group>"; };
		47F6EC63257C96D7007079D2 /* SoundVolumeSlider.swift */ = {isa = PBXFileReference; lastKnownFileType = sourcecode.swift; path = SoundVolumeSlider.swift; sourceTree = "<group>"; };
		47FD3DD9256F642F000E2346 /* PlayerStateNotification.swift */ = {isa = PBXFileReference; lastKnownFileType = sourcecode.swift; path = PlayerStateNotification.swift; sourceTree = "<group>"; };
		47FD3DE2256F9599000E2346 /* SpotifyBridge.swift */ = {isa = PBXFileReference; lastKnownFileType = sourcecode.swift; path = SpotifyBridge.swift; sourceTree = "<group>"; };
		47FD3DF2256FA726000E2346 /* LoginView.swift */ = {isa = PBXFileReference; lastKnownFileType = sourcecode.swift; path = LoginView.swift; sourceTree = "<group>"; };
		47FD3DF6256FA77F000E2346 /* Spotify.swift */ = {isa = PBXFileReference; lastKnownFileType = sourcecode.swift; path = Spotify.swift; sourceTree = "<group>"; };
		47FD3DFA256FA7CF000E2346 /* ImageNames.swift */ = {isa = PBXFileReference; lastKnownFileType = sourcecode.swift; path = ImageNames.swift; sourceTree = "<group>"; };
		47FD3E02256FB031000E2346 /* PlayerView.swift */ = {isa = PBXFileReference; lastKnownFileType = sourcecode.swift; path = PlayerView.swift; sourceTree = "<group>"; };
/* End PBXFileReference section */

/* Begin PBXFrameworksBuildPhase section */
		47832F412566474300AADEA3 /* Frameworks */ = {
			isa = PBXFrameworksBuildPhase;
			buildActionMask = 2147483647;
			files = (
				4768023A2570CDF800397202 /* Logging in Frameworks */,
				47FD3DEE256FA52B000E2346 /* KeychainAccess in Frameworks */,
				47F35FAE2588844C007C754A /* KeyboardShortcuts in Frameworks */,
				47D8CF892566679C0034FA1E /* SpotifyAPI in Frameworks */,
				47CDDC8A2582D97F00E87918 /* RegularExpressions in Frameworks */,
			);
			runOnlyForDeploymentPostprocessing = 0;
		};
/* End PBXFrameworksBuildPhase section */

/* Begin PBXGroup section */
		472901AB29134E2C00279E12 /* Resources */ = {
			isa = PBXGroup;
			children = (
				472901AC29134E3D00279E12 /* SavedTracksImage.png */,
			);
			path = Resources;
			sourceTree = "<group>";
		};
		47343A662582C90F00EF6750 /* Playlists Views */ = {
			isa = PBXGroup;
			children = (
				47343A632582C86600EF6750 /* PlaylistsScrollView.swift */,
				47DC186F2582712400EF11BA /* PlaylistCellView.swift */,
			);
			path = "Playlists Views";
			sourceTree = "<group>";
		};
		47343A672582C92200EF6750 /* Touchbar Views */ = {
			isa = PBXGroup;
			children = (
				4712E606257FD19500A881D5 /* PlayPlaylistsTouchBarView.swift */,
				477560E52580140D00B7FFED /* TouchBarPlaylistButton.swift */,
			);
			path = "Touchbar Views";
			sourceTree = "<group>";
		};
		47832F3B2566474300AADEA3 = {
			isa = PBXGroup;
			children = (
				47832F462566474300AADEA3 /* SoftPlayer */,
				47832F452566474300AADEA3 /* Products */,
			);
			sourceTree = "<group>";
		};
		47832F452566474300AADEA3 /* Products */ = {
			isa = PBXGroup;
			children = (
				47832F442566474300AADEA3 /* Soft Player.app */,
			);
			name = Products;
			sourceTree = "<group>";
		};
		47832F462566474300AADEA3 /* SoftPlayer */ = {
			isa = PBXGroup;
			children = (
				472901AB29134E2C00279E12 /* Resources */,
				47A89ED62908EBE2007C0BA7 /* Core Data */,
				47832F472566474300AADEA3 /* AppDelegate.swift */,
				47D8CF85256664C90034FA1E /* Model */,
				47FD3DF0256FA71C000E2346 /* Views */,
				47D8CF7D256662FB0034FA1E /* Utilities */,
				47832F4E2566474600AADEA3 /* Assets.xcassets */,
				47832F532566474600AADEA3 /* Main.storyboard */,
				47832F562566474600AADEA3 /* Info.plist */,
				471CD4EB26883037009176F2 /* Localizable.strings */,
				471CD4E826883037009176F2 /* InfoPlist.strings */,
				47832F572566474600AADEA3 /* SoftPlayer.entitlements */,
				47832F502566474600AADEA3 /* Preview Content */,
			);
			path = SoftPlayer;
			sourceTree = "<group>";
		};
		47832F502566474600AADEA3 /* Preview Content */ = {
			isa = PBXGroup;
			children = (
				47832F512566474600AADEA3 /* Preview Assets.xcassets */,
			);
			path = "Preview Content";
			sourceTree = "<group>";
		};
		4789A5B125885EB700A5E1E3 /* Settings Views */ = {
			isa = PBXGroup;
			children = (
				472A742925859431008998C5 /* SettingsView.swift */,
				4789A5B325885ECC00A5E1E3 /* GeneralSettingsView.swift */,
				4789A5B625885F0800A5E1E3 /* KeyboardShortcutsView.swift */,
				478F5746290AE39300D6A7CB /* SpotlightSettingsView.swift */,
			);
			path = "Settings Views";
			sourceTree = "<group>";
		};
		478A64602692F6CC00557DF3 /* Albums Views */ = {
			isa = PBXGroup;
			children = (
				478A64632692F85700557DF3 /* SavedAlbumsGridView.swift */,
				478A64652692FBC600557DF3 /* AlbumGridItemView.swift */,
			);
			path = "Albums Views";
			sourceTree = "<group>";
		};
		47A5BA3427D869260014BCB5 /* Shapes */ = {
			isa = PBXGroup;
			children = (
				4735521727A351B7009C967A /* XShape.swift */,
				47AA076F27D9D9B800F6C140 /* HeartShape.swift */,
			);
			path = Shapes;
			sourceTree = "<group>";
		};
		47A89ED62908EBE2007C0BA7 /* Core Data */ = {
			isa = PBXGroup;
			children = (
				478F57422909C99400D6A7CB /* CDPlaylistItem+CoreDataClass.swift */,
				478F57432909C99400D6A7CB /* CDPlaylistItem+CoreDataProperties.swift */,
				478F573E2909C88000D6A7CB /* CDAlbum+CoreDataClass.swift */,
				478F573F2909C88000D6A7CB /* CDAlbum+CoreDataProperties.swift */,
				47A89EC82908EBDD007C0BA7 /* CDPlaylist+CoreDataClass.swift */,
				47A89EC92908EBDD007C0BA7 /* CDPlaylist+CoreDataProperties.swift */,
				474DB4CC29077585005A551B /* DataModel.xcdatamodeld */,
			);
			path = "Core Data";
			sourceTree = "<group>";
		};
		47B3CF3C28F74F3600D93B80 /* Queue Views */ = {
			isa = PBXGroup;
			children = (
				47B3CF3D28F74F4500D93B80 /* QueueView.swift */,
				473CD55A28F78E2A0022160C /* QueueItemView.swift */,
			);
			path = "Queue Views";
			sourceTree = "<group>";
		};
		47CE919E267C7A40009BFF1C /* Main */ = {
			isa = PBXGroup;
			children = (
				47832F492566474300AADEA3 /* RootView.swift */,
				47FD3DF2256FA726000E2346 /* LoginView.swift */,
				47FD3E02256FB031000E2346 /* PlayerView.swift */,
				478A64672692FEF400557DF3 /* LibraryView.swift */,
			);
			path = Main;
			sourceTree = "<group>";
		};
		47CE919F267C7A47009BFF1C /* Other */ = {
			isa = PBXGroup;
			children = (
				4789987725747F0F00866EE1 /* PlaybackPositionView.swift */,
				473F215127E954DA005B8042 /* SavedTracksImage.swift */,
				47AA077127D9D9FA00F6C140 /* BubblingHeartsView.swift */,
				47ECF9B42694509B00DD118E /* LibrarySegmentedControl.swift */,
				477450972706C2D4007CD45D /* NowPlayingAnimation.swift */,
				47F6EC63257C96D7007079D2 /* SoundVolumeSlider.swift */,
				4789987A25749FD500866EE1 /* CustomSliderView.swift */,
				4712E603257FB1A100A881D5 /* NotificationView.swift */,
				475878CD258731F1007EB435 /* CancelButton.swift */,
				4703151D2583BEA800B2BDF2 /* FocusableTextField.swift */,
				47038543257E801100D0E79A /* VisualEffectView.swift */,
				470315222583EED900B2BDF2 /* FocusView.swift */,
				47891C942583128900063460 /* KeyEventHandler.swift */,
				4748B8BF27D756A600ACF95E /* MouseEventHandler.swift */,
				477447AF2797E1730074CB7E /* SharingServicesMenu.swift */,
				477A38F6291A1E6000507198 /* Toolbar.swift */,
			);
			path = Other;
			sourceTree = "<group>";
		};
		47D8CF7D256662FB0034FA1E /* Utilities */ = {
			isa = PBXGroup;
			children = (
				4795210C25744AA6000A5B82 /* MiscellaneousUtilities.swift */,
				47E9F5A2276ED0A50035349D /* ImageExtensions.swift */,
				47699874257DDE8400B7D6F5 /* ViewExtensions.swift */,
				47AA076D27D9D96200F6C140 /* ShapeExtensions.swift */,
				47FD3DFA256FA7CF000E2346 /* ImageNames.swift */,
				477560DF2580083200B7FFED /* SpotifyWebAPIExtensions.swift */,
				47DC186825824B5800EF11BA /* Loggers.swift */,
				47D8CF7E256663080034FA1E /* NotificationNames.swift */,
				4789A5B925885F1900A5E1E3 /* KeyboardShortcutsNames.swift */,
				471CD4EE26883AC5009176F2 /* AlertItem.swift */,
			);
			path = Utilities;
			sourceTree = "<group>";
		};
		47D8CF85256664C90034FA1E /* Model */ = {
			isa = PBXGroup;
			children = (
				47FD3DE2256F9599000E2346 /* SpotifyBridge.swift */,
				47D8CF82256664C60034FA1E /* PlayerManager.swift */,
				47993D2728FE688400D3D73F /* QueueImage.swift */,
				4715D7B226FD229F00562192 /* AppAppearance.swift */,
				47FD3DF6256FA77F000E2346 /* Spotify.swift */,
				47FD3DD9256F642F000E2346 /* PlayerStateNotification.swift */,
			);
			path = Model;
			sourceTree = "<group>";
		};
		47F6EC4F257C95BD007079D2 /* Buttons */ = {
			isa = PBXGroup;
			children = (
				47F6EC50257C95D8007079D2 /* ShuffleButton.swift */,
				47AA077327D9DA0D00F6C140 /* HeartButton.swift */,
				47C647292783FF4700EB1FD8 /* SaveTrackButton.swift */,
				47F6EC55257C963F007079D2 /* PreviousTrackButton.swift */,
				47F6EC59257C967D007079D2 /* PlayPauseButton.swift */,
				47F6EC5F257C96B7007079D2 /* NextTrackButton.swift */,
				47F6EC5C257C9699007079D2 /* RepeatModeButton.swift */,
				474C7C912570F713004A3DB5 /* AvailableDevicesButton.swift */,
				47012A3D258A8A1700174321 /* ShowLibraryButton.swift */,
			);
			path = Buttons;
			sourceTree = "<group>";
		};
		47FD3DF0256FA71C000E2346 /* Views */ = {
			isa = PBXGroup;
			children = (
				47CE919E267C7A40009BFF1C /* Main */,
				47343A662582C90F00EF6750 /* Playlists Views */,
				478A64602692F6CC00557DF3 /* Albums Views */,
				47B3CF3C28F74F3600D93B80 /* Queue Views */,
				47F6EC4F257C95BD007079D2 /* Buttons */,
				47343A672582C92200EF6750 /* Touchbar Views */,
				4789A5B125885EB700A5E1E3 /* Settings Views */,
				47A5BA3427D869260014BCB5 /* Shapes */,
				47CE919F267C7A47009BFF1C /* Other */,
			);
			path = Views;
			sourceTree = "<group>";
		};
/* End PBXGroup section */

/* Begin PBXNativeTarget section */
		47832F432566474300AADEA3 /* Soft Player */ = {
			isa = PBXNativeTarget;
			buildConfigurationList = 47832F5A2566474600AADEA3 /* Build configuration list for PBXNativeTarget "Soft Player" */;
			buildPhases = (
				47832F402566474300AADEA3 /* Sources */,
				47832F412566474300AADEA3 /* Frameworks */,
				47832F422566474300AADEA3 /* Resources */,
			);
			buildRules = (
			);
			dependencies = (
			);
			name = "Soft Player";
			packageProductDependencies = (
				47D8CF882566679C0034FA1E /* SpotifyAPI */,
				47FD3DED256FA52B000E2346 /* KeychainAccess */,
				476802392570CDF800397202 /* Logging */,
				47CDDC892582D97F00E87918 /* RegularExpressions */,
				47F35FAD2588844C007C754A /* KeyboardShortcuts */,
			);
			productName = SpotifyMenuBar;
			productReference = 47832F442566474300AADEA3 /* Soft Player.app */;
			productType = "com.apple.product-type.application";
		};
/* End PBXNativeTarget section */

/* Begin PBXProject section */
		47832F3C2566474300AADEA3 /* Project object */ = {
			isa = PBXProject;
			attributes = {
				LastSwiftUpdateCheck = 1210;
				LastUpgradeCheck = 1400;
				TargetAttributes = {
					47832F432566474300AADEA3 = {
						CreatedOnToolsVersion = 12.1;
					};
				};
			};
			buildConfigurationList = 47832F3F2566474300AADEA3 /* Build configuration list for PBXProject "SoftPlayer" */;
			compatibilityVersion = "Xcode 9.3";
			developmentRegion = en;
			hasScannedForEncodings = 0;
			knownRegions = (
				en,
				Base,
				es,
			);
			mainGroup = 47832F3B2566474300AADEA3;
			packageReferences = (
				47D8CF872566679C0034FA1E /* XCRemoteSwiftPackageReference "SpotifyAPI" */,
				47FD3DEC256FA52B000E2346 /* XCRemoteSwiftPackageReference "KeychainAccess" */,
				476802382570CDF800397202 /* XCRemoteSwiftPackageReference "swift-log" */,
				47CDDC882582D97F00E87918 /* XCRemoteSwiftPackageReference "RegularExpressions" */,
				47F35FAC2588844C007C754A /* XCRemoteSwiftPackageReference "KeyboardShortcuts" */,
			);
			productRefGroup = 47832F452566474300AADEA3 /* Products */;
			projectDirPath = "";
			projectRoot = "";
			targets = (
				47832F432566474300AADEA3 /* Soft Player */,
			);
		};
/* End PBXProject section */

/* Begin PBXResourcesBuildPhase section */
		47832F422566474300AADEA3 /* Resources */ = {
			isa = PBXResourcesBuildPhase;
			buildActionMask = 2147483647;
			files = (
				471CD4ED26883037009176F2 /* Localizable.strings in Resources */,
				472901AD29134E3D00279E12 /* SavedTracksImage.png in Resources */,
				47832F552566474600AADEA3 /* Main.storyboard in Resources */,
				471CD4EA26883037009176F2 /* InfoPlist.strings in Resources */,
				47832F522566474600AADEA3 /* Preview Assets.xcassets in Resources */,
				47832F4F2566474600AADEA3 /* Assets.xcassets in Resources */,
			);
			runOnlyForDeploymentPostprocessing = 0;
		};
/* End PBXResourcesBuildPhase section */

/* Begin PBXSourcesBuildPhase section */
		47832F402566474300AADEA3 /* Sources */ = {
			isa = PBXSourcesBuildPhase;
			buildActionMask = 2147483647;
			files = (
				47AA077227D9D9FA00F6C140 /* BubblingHeartsView.swift in Sources */,
				47699875257DDE8400B7D6F5 /* ViewExtensions.swift in Sources */,
				47F6EC5A257C967D007079D2 /* PlayPauseButton.swift in Sources */,
				47F6EC51257C95D8007079D2 /* ShuffleButton.swift in Sources */,
				473F215227E954DA005B8042 /* SavedTracksImage.swift in Sources */,
				47F6EC60257C96B7007079D2 /* NextTrackButton.swift in Sources */,
				47A89ED02908EBDD007C0BA7 /* CDPlaylist+CoreDataClass.swift in Sources */,
				472A742A25859431008998C5 /* SettingsView.swift in Sources */,
				47ECF9B52694509B00DD118E /* LibrarySegmentedControl.swift in Sources */,
				477450982706C2D4007CD45D /* NowPlayingAnimation.swift in Sources */,
				47AA077427D9DA0D00F6C140 /* HeartButton.swift in Sources */,
				4712E607257FD19500A881D5 /* PlayPlaylistsTouchBarView.swift in Sources */,
				475878CE258731F1007EB435 /* CancelButton.swift in Sources */,
				47FD3DE3256F9599000E2346 /* SpotifyBridge.swift in Sources */,
				4735521827A351B7009C967A /* XShape.swift in Sources */,
				47891C952583128900063460 /* KeyEventHandler.swift in Sources */,
				47AA076E27D9D96200F6C140 /* ShapeExtensions.swift in Sources */,
				4789987825747F0F00866EE1 /* PlaybackPositionView.swift in Sources */,
				478F57402909C88000D6A7CB /* CDAlbum+CoreDataClass.swift in Sources */,
				473CD55B28F78E2A0022160C /* QueueItemView.swift in Sources */,
				474DB4CE29077585005A551B /* DataModel.xcdatamodeld in Sources */,
				47D8CF7F256663080034FA1E /* NotificationNames.swift in Sources */,
				47FD3E03256FB031000E2346 /* PlayerView.swift in Sources */,
				47FD3DF7256FA77F000E2346 /* Spotify.swift in Sources */,
				47343A642582C86600EF6750 /* PlaylistsScrollView.swift in Sources */,
				47FD3DFB256FA7CF000E2346 /* ImageNames.swift in Sources */,
				47DC186925824B5800EF11BA /* Loggers.swift in Sources */,
				47038544257E801100D0E79A /* VisualEffectView.swift in Sources */,
				4703151E2583BEA800B2BDF2 /* FocusableTextField.swift in Sources */,
				47012A3E258A8A1700174321 /* ShowLibraryButton.swift in Sources */,
				477560E02580083200B7FFED /* SpotifyWebAPIExtensions.swift in Sources */,
				47C6472A2783FF4700EB1FD8 /* SaveTrackButton.swift in Sources */,
				47F6EC56257C963F007079D2 /* PreviousTrackButton.swift in Sources */,
				47832F4A2566474300AADEA3 /* RootView.swift in Sources */,
				47F6EC64257C96D7007079D2 /* SoundVolumeSlider.swift in Sources */,
				47D8CF83256664C60034FA1E /* PlayerManager.swift in Sources */,
				474C7C922570F713004A3DB5 /* AvailableDevicesButton.swift in Sources */,
				478F57412909C88000D6A7CB /* CDAlbum+CoreDataProperties.swift in Sources */,
				478F5747290AE39300D6A7CB /* SpotlightSettingsView.swift in Sources */,
				470315232583EED900B2BDF2 /* FocusView.swift in Sources */,
				47A89ED12908EBDD007C0BA7 /* CDPlaylist+CoreDataProperties.swift in Sources */,
				47B3CF3E28F74F4500D93B80 /* QueueView.swift in Sources */,
				47FD3DDA256F642F000E2346 /* PlayerStateNotification.swift in Sources */,
				47F6EC5D257C9699007079D2 /* RepeatModeButton.swift in Sources */,
				478A64682692FEF400557DF3 /* LibraryView.swift in Sources */,
				47993D2828FE688400D3D73F /* QueueImage.swift in Sources */,
				478F57442909C99400D6A7CB /* CDPlaylistItem+CoreDataClass.swift in Sources */,
				477A38F7291A1E6000507198 /* Toolbar.swift in Sources */,
				478A64642692F85700557DF3 /* SavedAlbumsGridView.swift in Sources */,
				4712E604257FB1A100A881D5 /* NotificationView.swift in Sources */,
				478A64662692FBC600557DF3 /* AlbumGridItemView.swift in Sources */,
				47FD3DF3256FA726000E2346 /* LoginView.swift in Sources */,
				4789A5B725885F0800A5E1E3 /* KeyboardShortcutsView.swift in Sources */,
				47DC18702582712400EF11BA /* PlaylistCellView.swift in Sources */,
				47AA077027D9D9B800F6C140 /* HeartShape.swift in Sources */,
				478F57452909C99400D6A7CB /* CDPlaylistItem+CoreDataProperties.swift in Sources */,
				47E9F5A3276ED0A50035349D /* ImageExtensions.swift in Sources */,
				4795210D25744AA6000A5B82 /* MiscellaneousUtilities.swift in Sources */,
				4789A5B425885ECC00A5E1E3 /* GeneralSettingsView.swift in Sources */,
				477447B02797E1730074CB7E /* SharingServicesMenu.swift in Sources */,
				477560E62580140D00B7FFED /* TouchBarPlaylistButton.swift in Sources */,
				47832F482566474300AADEA3 /* AppDelegate.swift in Sources */,
				4789987B25749FD500866EE1 /* CustomSliderView.swift in Sources */,
				471CD4EF26883AC5009176F2 /* AlertItem.swift in Sources */,
				4748B8C027D756A600ACF95E /* MouseEventHandler.swift in Sources */,
				4789A5BA25885F1900A5E1E3 /* KeyboardShortcutsNames.swift in Sources */,
				4715D7B326FD229F00562192 /* AppAppearance.swift in Sources */,
			);
			runOnlyForDeploymentPostprocessing = 0;
		};
/* End PBXSourcesBuildPhase section */

/* Begin PBXVariantGroup section */
		471CD4E826883037009176F2 /* InfoPlist.strings */ = {
			isa = PBXVariantGroup;
			children = (
				471CD4E926883037009176F2 /* es */,
			);
			name = InfoPlist.strings;
			sourceTree = "<group>";
		};
		471CD4EB26883037009176F2 /* Localizable.strings */ = {
			isa = PBXVariantGroup;
			children = (
				471CD4EC26883037009176F2 /* es */,
			);
			name = Localizable.strings;
			sourceTree = "<group>";
		};
		47832F532566474600AADEA3 /* Main.storyboard */ = {
			isa = PBXVariantGroup;
			children = (
				47832F542566474600AADEA3 /* Base */,
				47B75D322687DFC6003F58A9 /* es */,
			);
			name = Main.storyboard;
			sourceTree = "<group>";
		};
/* End PBXVariantGroup section */

/* Begin XCBuildConfiguration section */
		47832F582566474600AADEA3 /* Debug */ = {
			isa = XCBuildConfiguration;
			buildSettings = {
				ALWAYS_SEARCH_USER_PATHS = NO;
				CLANG_ANALYZER_LOCALIZABILITY_NONLOCALIZED = YES;
				CLANG_ANALYZER_NONNULL = YES;
				CLANG_ANALYZER_NUMBER_OBJECT_CONVERSION = YES_AGGRESSIVE;
				CLANG_CXX_LANGUAGE_STANDARD = "gnu++14";
				CLANG_CXX_LIBRARY = "libc++";
				CLANG_ENABLE_MODULES = YES;
				CLANG_ENABLE_OBJC_ARC = YES;
				CLANG_ENABLE_OBJC_WEAK = YES;
				CLANG_WARN_BLOCK_CAPTURE_AUTORELEASING = YES;
				CLANG_WARN_BOOL_CONVERSION = YES;
				CLANG_WARN_COMMA = YES;
				CLANG_WARN_CONSTANT_CONVERSION = YES;
				CLANG_WARN_DEPRECATED_OBJC_IMPLEMENTATIONS = YES;
				CLANG_WARN_DIRECT_OBJC_ISA_USAGE = YES_ERROR;
				CLANG_WARN_DOCUMENTATION_COMMENTS = YES;
				CLANG_WARN_EMPTY_BODY = YES;
				CLANG_WARN_ENUM_CONVERSION = YES;
				CLANG_WARN_INFINITE_RECURSION = YES;
				CLANG_WARN_INT_CONVERSION = YES;
				CLANG_WARN_NON_LITERAL_NULL_CONVERSION = YES;
				CLANG_WARN_OBJC_IMPLICIT_RETAIN_SELF = YES;
				CLANG_WARN_OBJC_LITERAL_CONVERSION = YES;
				CLANG_WARN_OBJC_ROOT_CLASS = YES_ERROR;
				CLANG_WARN_QUOTED_INCLUDE_IN_FRAMEWORK_HEADER = YES;
				CLANG_WARN_RANGE_LOOP_ANALYSIS = YES;
				CLANG_WARN_STRICT_PROTOTYPES = YES;
				CLANG_WARN_SUSPICIOUS_MOVE = YES;
				CLANG_WARN_UNGUARDED_AVAILABILITY = YES_AGGRESSIVE;
				CLANG_WARN_UNREACHABLE_CODE = YES;
				CLANG_WARN__DUPLICATE_METHOD_MATCH = YES;
				COPY_PHASE_STRIP = NO;
				DEAD_CODE_STRIPPING = YES;
				DEBUG_INFORMATION_FORMAT = "dwarf-with-dsym";
				ENABLE_STRICT_OBJC_MSGSEND = YES;
				ENABLE_TESTABILITY = YES;
				GCC_C_LANGUAGE_STANDARD = gnu11;
				GCC_DYNAMIC_NO_PIC = NO;
				GCC_NO_COMMON_BLOCKS = YES;
				GCC_OPTIMIZATION_LEVEL = 0;
				GCC_PREPROCESSOR_DEFINITIONS = (
					"DEBUG=1",
					"$(inherited)",
				);
				GCC_WARN_64_TO_32_BIT_CONVERSION = YES;
				GCC_WARN_ABOUT_RETURN_TYPE = YES_ERROR;
				GCC_WARN_UNDECLARED_SELECTOR = YES;
				GCC_WARN_UNINITIALIZED_AUTOS = YES_AGGRESSIVE;
				GCC_WARN_UNUSED_FUNCTION = YES;
				GCC_WARN_UNUSED_VARIABLE = YES;
				MACOSX_DEPLOYMENT_TARGET = 11.0;
				MTL_ENABLE_DEBUG_INFO = INCLUDE_SOURCE;
				MTL_FAST_MATH = YES;
				ONLY_ACTIVE_ARCH = YES;
				SDKROOT = macosx;
				SWIFT_ACTIVE_COMPILATION_CONDITIONS = DEBUG;
				SWIFT_OPTIMIZATION_LEVEL = "-Onone";
			};
			name = Debug;
		};
		47832F592566474600AADEA3 /* Release */ = {
			isa = XCBuildConfiguration;
			buildSettings = {
				ALWAYS_SEARCH_USER_PATHS = NO;
				CLANG_ANALYZER_LOCALIZABILITY_NONLOCALIZED = YES;
				CLANG_ANALYZER_NONNULL = YES;
				CLANG_ANALYZER_NUMBER_OBJECT_CONVERSION = YES_AGGRESSIVE;
				CLANG_CXX_LANGUAGE_STANDARD = "gnu++14";
				CLANG_CXX_LIBRARY = "libc++";
				CLANG_ENABLE_MODULES = YES;
				CLANG_ENABLE_OBJC_ARC = YES;
				CLANG_ENABLE_OBJC_WEAK = YES;
				CLANG_WARN_BLOCK_CAPTURE_AUTORELEASING = YES;
				CLANG_WARN_BOOL_CONVERSION = YES;
				CLANG_WARN_COMMA = YES;
				CLANG_WARN_CONSTANT_CONVERSION = YES;
				CLANG_WARN_DEPRECATED_OBJC_IMPLEMENTATIONS = YES;
				CLANG_WARN_DIRECT_OBJC_ISA_USAGE = YES_ERROR;
				CLANG_WARN_DOCUMENTATION_COMMENTS = YES;
				CLANG_WARN_EMPTY_BODY = YES;
				CLANG_WARN_ENUM_CONVERSION = YES;
				CLANG_WARN_INFINITE_RECURSION = YES;
				CLANG_WARN_INT_CONVERSION = YES;
				CLANG_WARN_NON_LITERAL_NULL_CONVERSION = YES;
				CLANG_WARN_OBJC_IMPLICIT_RETAIN_SELF = YES;
				CLANG_WARN_OBJC_LITERAL_CONVERSION = YES;
				CLANG_WARN_OBJC_ROOT_CLASS = YES_ERROR;
				CLANG_WARN_QUOTED_INCLUDE_IN_FRAMEWORK_HEADER = YES;
				CLANG_WARN_RANGE_LOOP_ANALYSIS = YES;
				CLANG_WARN_STRICT_PROTOTYPES = YES;
				CLANG_WARN_SUSPICIOUS_MOVE = YES;
				CLANG_WARN_UNGUARDED_AVAILABILITY = YES_AGGRESSIVE;
				CLANG_WARN_UNREACHABLE_CODE = YES;
				CLANG_WARN__DUPLICATE_METHOD_MATCH = YES;
				COPY_PHASE_STRIP = NO;
				DEAD_CODE_STRIPPING = YES;
				DEBUG_INFORMATION_FORMAT = "dwarf-with-dsym";
				ENABLE_NS_ASSERTIONS = NO;
				ENABLE_STRICT_OBJC_MSGSEND = YES;
				GCC_C_LANGUAGE_STANDARD = gnu11;
				GCC_NO_COMMON_BLOCKS = YES;
				GCC_WARN_64_TO_32_BIT_CONVERSION = YES;
				GCC_WARN_ABOUT_RETURN_TYPE = YES_ERROR;
				GCC_WARN_UNDECLARED_SELECTOR = YES;
				GCC_WARN_UNINITIALIZED_AUTOS = YES_AGGRESSIVE;
				GCC_WARN_UNUSED_FUNCTION = YES;
				GCC_WARN_UNUSED_VARIABLE = YES;
				MACOSX_DEPLOYMENT_TARGET = 11.0;
				MTL_ENABLE_DEBUG_INFO = NO;
				MTL_FAST_MATH = YES;
				SDKROOT = macosx;
				SWIFT_COMPILATION_MODE = wholemodule;
				SWIFT_OPTIMIZATION_LEVEL = "-O";
			};
			name = Release;
		};
		47832F5B2566474600AADEA3 /* Debug */ = {
			isa = XCBuildConfiguration;
			buildSettings = {
				ASSETCATALOG_COMPILER_APPICON_NAME = AppIcon;
				ASSETCATALOG_COMPILER_GLOBAL_ACCENT_COLOR_NAME = AccentColor;
				CODE_SIGN_ENTITLEMENTS = SoftPlayer/SoftPlayer.entitlements;
				CODE_SIGN_IDENTITY = "Apple Development";
				CODE_SIGN_STYLE = Automatic;
				COMBINE_HIDPI_IMAGES = YES;
				CURRENT_PROJECT_VERSION = 12;
				DEAD_CODE_STRIPPING = YES;
				DEVELOPMENT_ASSET_PATHS = "\"SoftPlayer/Preview Content\"";
				DEVELOPMENT_TEAM = NB77K8UB8Y;
				ENABLE_HARDENED_RUNTIME = YES;
				ENABLE_PREVIEWS = YES;
				INFOPLIST_FILE = SoftPlayer/Info.plist;
				LD_RUNPATH_SEARCH_PATHS = (
					"$(inherited)",
					"@executable_path/../Frameworks",
				);
				MACOSX_DEPLOYMENT_TARGET = 11.0;
				MARKETING_VERSION = 2.1.1;
				PRODUCT_BUNDLE_IDENTIFIER = "Peter-Schorn.SoftPlayer";
				PRODUCT_NAME = "$(TARGET_NAME)";
				PROVISIONING_PROFILE_SPECIFIER = "";
				SWIFT_VERSION = 5.0;
			};
			name = Debug;
		};
		47832F5C2566474600AADEA3 /* Release */ = {
			isa = XCBuildConfiguration;
			buildSettings = {
				ASSETCATALOG_COMPILER_APPICON_NAME = AppIcon;
				ASSETCATALOG_COMPILER_GLOBAL_ACCENT_COLOR_NAME = AccentColor;
				CODE_SIGN_ENTITLEMENTS = SoftPlayer/SoftPlayer.entitlements;
				CODE_SIGN_IDENTITY = "Apple Development";
				CODE_SIGN_STYLE = Automatic;
				COMBINE_HIDPI_IMAGES = YES;
				CURRENT_PROJECT_VERSION = 12;
				DEAD_CODE_STRIPPING = YES;
				DEVELOPMENT_ASSET_PATHS = "\"SoftPlayer/Preview Content\"";
				DEVELOPMENT_TEAM = NB77K8UB8Y;
				ENABLE_HARDENED_RUNTIME = YES;
				ENABLE_PREVIEWS = YES;
				INFOPLIST_FILE = SoftPlayer/Info.plist;
				LD_RUNPATH_SEARCH_PATHS = (
					"$(inherited)",
					"@executable_path/../Frameworks",
				);
				MACOSX_DEPLOYMENT_TARGET = 11.0;
				MARKETING_VERSION = 2.1.1;
				PRODUCT_BUNDLE_IDENTIFIER = "Peter-Schorn.SoftPlayer";
				PRODUCT_NAME = "$(TARGET_NAME)";
				PROVISIONING_PROFILE_SPECIFIER = "";
				SWIFT_VERSION = 5.0;
			};
			name = Release;
		};
/* End XCBuildConfiguration section */

/* Begin XCConfigurationList section */
		47832F3F2566474300AADEA3 /* Build configuration list for PBXProject "SoftPlayer" */ = {
			isa = XCConfigurationList;
			buildConfigurations = (
				47832F582566474600AADEA3 /* Debug */,
				47832F592566474600AADEA3 /* Release */,
			);
			defaultConfigurationIsVisible = 0;
			defaultConfigurationName = Release;
		};
		47832F5A2566474600AADEA3 /* Build configuration list for PBXNativeTarget "Soft Player" */ = {
			isa = XCConfigurationList;
			buildConfigurations = (
				47832F5B2566474600AADEA3 /* Debug */,
				47832F5C2566474600AADEA3 /* Release */,
			);
			defaultConfigurationIsVisible = 0;
			defaultConfigurationName = Release;
		};
/* End XCConfigurationList section */

/* Begin XCRemoteSwiftPackageReference section */
		476802382570CDF800397202 /* XCRemoteSwiftPackageReference "swift-log" */ = {
			isa = XCRemoteSwiftPackageReference;
			repositoryURL = "https://github.com/apple/swift-log";
			requirement = {
				kind = upToNextMajorVersion;
				minimumVersion = 1.4.0;
			};
		};
		47CDDC882582D97F00E87918 /* XCRemoteSwiftPackageReference "RegularExpressions" */ = {
			isa = XCRemoteSwiftPackageReference;
			repositoryURL = "https://github.com/Peter-Schorn/RegularExpressions.git";
			requirement = {
				kind = upToNextMajorVersion;
				minimumVersion = 2.1.2;
			};
		};
		47D8CF872566679C0034FA1E /* XCRemoteSwiftPackageReference "SpotifyAPI" */ = {
			isa = XCRemoteSwiftPackageReference;
			repositoryURL = "https://github.com/Peter-Schorn/SpotifyAPI";
			requirement = {
				kind = upToNextMajorVersion;
				minimumVersion = 2.2.0;
			};
		};
		47F35FAC2588844C007C754A /* XCRemoteSwiftPackageReference "KeyboardShortcuts" */ = {
			isa = XCRemoteSwiftPackageReference;
			repositoryURL = "https://github.com/Peter-Schorn/KeyboardShortcuts";
			requirement = {
				branch = master;
				kind = branch;
			};
		};
		47FD3DEC256FA52B000E2346 /* XCRemoteSwiftPackageReference "KeychainAccess" */ = {
			isa = XCRemoteSwiftPackageReference;
			repositoryURL = "https://github.com/kishikawakatsumi/KeychainAccess";
			requirement = {
				kind = upToNextMajorVersion;
				minimumVersion = 4.2.1;
			};
		};
/* End XCRemoteSwiftPackageReference section */

/* Begin XCSwiftPackageProductDependency section */
		476802392570CDF800397202 /* Logging */ = {
			isa = XCSwiftPackageProductDependency;
			package = 476802382570CDF800397202 /* XCRemoteSwiftPackageReference "swift-log" */;
			productName = Logging;
		};
		47CDDC892582D97F00E87918 /* RegularExpressions */ = {
			isa = XCSwiftPackageProductDependency;
			package = 47CDDC882582D97F00E87918 /* XCRemoteSwiftPackageReference "RegularExpressions" */;
			productName = RegularExpressions;
		};
		47D8CF882566679C0034FA1E /* SpotifyAPI */ = {
			isa = XCSwiftPackageProductDependency;
			package = 47D8CF872566679C0034FA1E /* XCRemoteSwiftPackageReference "SpotifyAPI" */;
			productName = SpotifyAPI;
		};
		47F35FAD2588844C007C754A /* KeyboardShortcuts */ = {
			isa = XCSwiftPackageProductDependency;
			package = 47F35FAC2588844C007C754A /* XCRemoteSwiftPackageReference "KeyboardShortcuts" */;
			productName = KeyboardShortcuts;
		};
		47FD3DED256FA52B000E2346 /* KeychainAccess */ = {
			isa = XCSwiftPackageProductDependency;
			package = 47FD3DEC256FA52B000E2346 /* XCRemoteSwiftPackageReference "KeychainAccess" */;
			productName = KeychainAccess;
		};
/* End XCSwiftPackageProductDependency section */

/* Begin XCVersionGroup section */
		474DB4CC29077585005A551B /* DataModel.xcdatamodeld */ = {
			isa = XCVersionGroup;
			children = (
				474DB4CD29077585005A551B /* DataModel.xcdatamodel */,
			);
			currentVersion = 474DB4CD29077585005A551B /* DataModel.xcdatamodel */;
			path = DataModel.xcdatamodeld;
			sourceTree = "<group>";
			versionGroupType = wrapper.xcdatamodel;
		};
/* End XCVersionGroup section */
	};
	rootObject = 47832F3C2566474300AADEA3 /* Project object */;
}
